<?xml version="1.0" encoding="utf-8"?>
<Project ToolsVersion="4.0" xmlns="http://schemas.microsoft.com/developer/msbuild/2003">
  <ItemGroup>
    <Filter Include="리소스 파일">
      <UniqueIdentifier>{67DA6AB6-F800-4c08-8B7A-83BB121AAD01}</UniqueIdentifier>
      <Extensions>rc;ico;cur;bmp;dlg;rc2;rct;bin;rgs;gif;jpg;jpeg;jpe;resx;tiff;tif;png;wav;mfcribbon-ms</Extensions>
    </Filter>
    <Filter Include="main">
      <UniqueIdentifier>{5104ad23-5e82-46b4-aa3d-cf2a627258cb}</UniqueIdentifier>
    </Filter>
    <Filter Include="Engine">
      <UniqueIdentifier>{4871f7ac-02ba-44b8-8f6c-f346e3dbb6d6}</UniqueIdentifier>
    </Filter>
    <Filter Include="Contents">
      <UniqueIdentifier>{9b5f51fc-5aff-480a-a1a5-04373d49e53d}</UniqueIdentifier>
    </Filter>
    <Filter Include="Engine\High Level Interface">
      <UniqueIdentifier>{f3b5cf12-733e-42b8-8382-a58a5efaf416}</UniqueIdentifier>
    </Filter>
    <Filter Include="Engine\Scene">
      <UniqueIdentifier>{43bdd0a5-6bea-43e0-aa66-a931c290f8a0}</UniqueIdentifier>
    </Filter>
    <Filter Include="Engine\Layer">
      <UniqueIdentifier>{8ccaa3ee-6a5b-4c2d-96ce-68bccfa8fe8c}</UniqueIdentifier>
    </Filter>
    <Filter Include="Engine\GameObject">
      <UniqueIdentifier>{41ee76ec-429c-44e2-851c-dc71ee332f45}</UniqueIdentifier>
    </Filter>
    <Filter Include="Engine\Common">
      <UniqueIdentifier>{93724e9d-d9ba-4805-af69-75b9180c4d78}</UniqueIdentifier>
    </Filter>
    <Filter Include="Engine\Time">
      <UniqueIdentifier>{41a309e9-2fe4-4067-88b3-449c22905826}</UniqueIdentifier>
    </Filter>
    <Filter Include="Engine\Input">
      <UniqueIdentifier>{857541aa-937a-408b-9bfe-00276bfd5fd3}</UniqueIdentifier>
    </Filter>
    <Filter Include="Engine\Resource">
      <UniqueIdentifier>{615fe0d3-795c-43ae-82b4-126bd3bc096f}</UniqueIdentifier>
    </Filter>
    <Filter Include="Contents\Scene">
      <UniqueIdentifier>{39a5973c-e4ee-4024-973c-97c04103ba96}</UniqueIdentifier>
    </Filter>
    <Filter Include="Contents\GameObj">
      <UniqueIdentifier>{66724bed-81c6-46a7-ad5c-b7335a2e46a0}</UniqueIdentifier>
    </Filter>
    <Filter Include="Contents\BackGround">
      <UniqueIdentifier>{fd6016f9-14b4-4709-8d59-6db32359d517}</UniqueIdentifier>
    </Filter>
    <Filter Include="Engine\Component">
      <UniqueIdentifier>{ca011203-3852-4733-ae7f-230a7ba07390}</UniqueIdentifier>
    </Filter>
    <Filter Include="Engine\Component\Collider">
      <UniqueIdentifier>{6decba7d-cebc-49b4-9de1-981c38128a59}</UniqueIdentifier>
    </Filter>
    <Filter Include="Engine\Component\Transform">
      <UniqueIdentifier>{064f9de8-1570-46ea-a4b3-bef0e17efd2b}</UniqueIdentifier>
    </Filter>
    <Filter Include="Engine\Component\Animation">
      <UniqueIdentifier>{aeaff26e-c89c-4194-8e1f-ef42dd33ab16}</UniqueIdentifier>
    </Filter>
    <Filter Include="Contents\GameObj\Player">
      <UniqueIdentifier>{749121a4-05eb-4137-8393-a33b2278562d}</UniqueIdentifier>
    </Filter>
    <Filter Include="Contents\GameObj\Monster">
      <UniqueIdentifier>{b8f9d01a-3cd2-4c83-8ce2-5b4fa1c41519}</UniqueIdentifier>
    </Filter>
    <Filter Include="Engine\Camera">
      <UniqueIdentifier>{5a737f22-672e-4f8b-9365-1267d6425fb1}</UniqueIdentifier>
    </Filter>
    <Filter Include="Engine\Component\RigidBody">
      <UniqueIdentifier>{371bb84f-4519-4712-af22-381b4c343374}</UniqueIdentifier>
    </Filter>
    <Filter Include="Contents\GameObj\Bullet">
      <UniqueIdentifier>{25b0fd68-04b8-4cb4-b4d1-1ab2455edbc5}</UniqueIdentifier>
    </Filter>
    <Filter Include="Contents\GameObj\Effect">
      <UniqueIdentifier>{126392ac-ca85-435a-af73-d9eb7d0e0df7}</UniqueIdentifier>
    </Filter>
  </ItemGroup>
  <ItemGroup>
    <ClInclude Include="framework.h">
      <Filter>main</Filter>
    </ClInclude>
    <ClInclude Include="Resource.h">
      <Filter>main</Filter>
    </ClInclude>
    <ClInclude Include="targetver.h">
      <Filter>main</Filter>
    </ClInclude>
    <ClInclude Include="myMetalSlug.h">
      <Filter>main</Filter>
    </ClInclude>
    <ClInclude Include="moApplication.h">
      <Filter>Engine\High Level Interface</Filter>
    </ClInclude>
    <ClInclude Include="moSceneManager.h">
      <Filter>Engine\Scene</Filter>
    </ClInclude>
    <ClInclude Include="moComponent.h">
      <Filter>Engine\Component</Filter>
    </ClInclude>
    <ClInclude Include="moGameObject.h">
      <Filter>Engine\GameObject</Filter>
    </ClInclude>
    <ClInclude Include="moLayer.h">
      <Filter>Engine\Layer</Filter>
    </ClInclude>
    <ClInclude Include="moScene.h">
      <Filter>Engine\Scene</Filter>
    </ClInclude>
    <ClInclude Include="CommonInclude.h">
      <Filter>Engine\Common</Filter>
    </ClInclude>
    <ClInclude Include="moMath.h">
      <Filter>Engine\Common</Filter>
    </ClInclude>
    <ClInclude Include="moEnums.h">
      <Filter>Engine\Common</Filter>
    </ClInclude>
    <ClInclude Include="moEntity.h">
      <Filter>Engine\Common</Filter>
    </ClInclude>
    <ClInclude Include="momoEngine.h">
      <Filter>Engine\Common</Filter>
    </ClInclude>
    <ClInclude Include="moTime.h">
      <Filter>Engine\Time</Filter>
    </ClInclude>
    <ClInclude Include="moInput.h">
      <Filter>Engine\Input</Filter>
    </ClInclude>
    <ClInclude Include="moResource.h">
      <Filter>Engine\Resource</Filter>
    </ClInclude>
    <ClInclude Include="moResources.h">
      <Filter>Engine\Resource</Filter>
    </ClInclude>
    <ClInclude Include="moImage.h">
      <Filter>Engine\Resource</Filter>
    </ClInclude>
    <ClInclude Include="moMission1Scene.h">
      <Filter>Contents\Scene</Filter>
    </ClInclude>
    <ClInclude Include="moTitleScene.h">
      <Filter>Contents\Scene</Filter>
    </ClInclude>
    <ClInclude Include="moMission1BG.h">
      <Filter>Contents\BackGround</Filter>
    </ClInclude>
    <ClInclude Include="moBaseBullet.h">
      <Filter>Contents\GameObj\Bullet</Filter>
    </ClInclude>
    <ClInclude Include="Collider.h">
      <Filter>Engine\Component\Collider</Filter>
    </ClInclude>
    <ClInclude Include="moTransform.h">
      <Filter>Engine\Component\Transform</Filter>
    </ClInclude>
    <ClInclude Include="moAnimation.h">
      <Filter>Engine\Component\Animation</Filter>
    </ClInclude>
    <ClInclude Include="moAnimator.h">
      <Filter>Engine\Component\Animation</Filter>
    </ClInclude>
    <ClInclude Include="moCollisionManager.h">
      <Filter>Engine\Component\Collider</Filter>
    </ClInclude>
    <ClInclude Include="moMarco.h">
      <Filter>Contents\GameObj\Player</Filter>
    </ClInclude>
    <ClInclude Include="moMarcoBottom.h">
      <Filter>Contents\GameObj\Player</Filter>
    </ClInclude>
    <ClInclude Include="moArabian.h">
      <Filter>Contents\GameObj\Monster</Filter>
    </ClInclude>
    <ClInclude Include="moObject.h">
      <Filter>Engine\GameObject</Filter>
    </ClInclude>
    <ClInclude Include="moTitleBG.h">
      <Filter>Contents\BackGround</Filter>
    </ClInclude>
    <ClInclude Include="moRigidBody.h">
      <Filter>Engine\Component\RigidBody</Filter>
    </ClInclude>
    <ClInclude Include="moParaglider.h">
      <Filter>Contents\GameObj\Effect</Filter>
    </ClInclude>
    <ClInclude Include="moCamera.h">
      <Filter>Engine\Camera</Filter>
    </ClInclude>
  </ItemGroup>
  <ItemGroup>
    <ResourceCompile Include="myMetalSlug.rc">
      <Filter>리소스 파일</Filter>
    </ResourceCompile>
  </ItemGroup>
  <ItemGroup>
    <Image Include="small.ico">
      <Filter>리소스 파일</Filter>
    </Image>
    <Image Include="myMetalSlug.ico">
      <Filter>리소스 파일</Filter>
    </Image>
  </ItemGroup>
  <ItemGroup>
    <ClCompile Include="myMetalSlug.cpp">
      <Filter>main</Filter>
    </ClCompile>
    <ClCompile Include="moApplication.cpp">
      <Filter>Engine\High Level Interface</Filter>
    </ClCompile>
    <ClCompile Include="moSceneManager.cpp">
      <Filter>Engine\Scene</Filter>
    </ClCompile>
    <ClCompile Include="moComponent.cpp">
      <Filter>Engine\Component</Filter>
    </ClCompile>
    <ClCompile Include="moGameObject.cpp">
      <Filter>Engine\GameObject</Filter>
    </ClCompile>
    <ClCompile Include="moLayer.cpp">
      <Filter>Engine\Layer</Filter>
    </ClCompile>
    <ClCompile Include="moScene.cpp">
      <Filter>Engine\Scene</Filter>
    </ClCompile>
    <ClCompile Include="moMath.cpp">
      <Filter>Engine\Common</Filter>
    </ClCompile>
    <ClCompile Include="moEntity.cpp">
      <Filter>Engine\Common</Filter>
    </ClCompile>
    <ClCompile Include="moTime.cpp">
      <Filter>Engine\Time</Filter>
    </ClCompile>
    <ClCompile Include="moInput.cpp">
      <Filter>Engine\Input</Filter>
    </ClCompile>
    <ClCompile Include="moResource.cpp">
      <Filter>Engine\Resource</Filter>
    </ClCompile>
    <ClCompile Include="moResources.cpp">
      <Filter>Engine\Resource</Filter>
    </ClCompile>
    <ClCompile Include="moImage.cpp">
      <Filter>Engine\Resource</Filter>
    </ClCompile>
    <ClCompile Include="moMission1Scene.cpp">
      <Filter>Contents\Scene</Filter>
    </ClCompile>
    <ClCompile Include="moTitleScene.cpp">
      <Filter>Contents\Scene</Filter>
    </ClCompile>
    <ClCompile Include="moMission1BG.cpp">
      <Filter>Contents\BackGround</Filter>
    </ClCompile>
    <ClCompile Include="moBaseBullet.cpp">
      <Filter>Contents\GameObj\Bullet</Filter>
    </ClCompile>
    <ClCompile Include="Collider.cpp">
      <Filter>Engine\Component\Collider</Filter>
    </ClCompile>
    <ClCompile Include="moTransform.cpp">
      <Filter>Engine\Component\Transform</Filter>
    </ClCompile>
    <ClCompile Include="moAnimation.cpp">
      <Filter>Engine\Component\Animation</Filter>
    </ClCompile>
    <ClCompile Include="moAnimator.cpp">
      <Filter>Engine\Component\Animation</Filter>
    </ClCompile>
    <ClCompile Include="moCollisionManager.cpp">
      <Filter>Engine\Component\Collider</Filter>
    </ClCompile>
    <ClCompile Include="moMarco.cpp">
      <Filter>Contents\GameObj\Player</Filter>
    </ClCompile>
    <ClCompile Include="moMarcoBottom.cpp">
      <Filter>Contents\GameObj\Player</Filter>
    </ClCompile>
    <ClCompile Include="moArabian.cpp">
      <Filter>Contents\GameObj\Monster</Filter>
    </ClCompile>
    <ClCompile Include="moCamera.cpp">
      <Filter>Engine\Camera</Filter>
    </ClCompile>
    <ClCompile Include="moTitleBG.cpp">
      <Filter>Contents\BackGround</Filter>
    </ClCompile>
    <ClCompile Include="moRigidBody.cpp">
      <Filter>Engine\Component\RigidBody</Filter>
    </ClCompile>
    <ClCompile Include="moParaglider.cpp">
      <Filter>Contents\GameObj\Effect</Filter>
    </ClCompile>
  </ItemGroup>
</Project>